
Microsoft Visual Studio Solution File, Format Version 12.00
# Visual Studio 15
VisualStudioVersion = 15.0.27130.2024
MinimumVisualStudioVersion = 10.0.40219.1
Project("{FAE04EC0-301F-11D3-BF4B-00C04F79EFBC}") = "IotaSeedGenerator", "IotaSeedGenerator\IotaSeedGenerator.csproj", "{C5E8C34F-A372-45C6-8F49-A6C7A0886DAA}"
EndProject
Project("{9A19103F-16F7-4668-BE54-9A1E7A4F7556}") = "CryptoRng", "CryptoRng\CryptoRng.csproj", "{52FB8931-B6E0-4644-9347-82260EB1CD05}"
EndProject
Global
	GlobalSection(SolutionConfigurationPlatforms) = preSolution
		Debug|Any CPU = Debug|Any CPU
		Debug|x86 = Debug|x86
		Release|Any CPU = Release|Any CPU
		Release|x86 = Release|x86
	EndGlobalSection
	GlobalSection(ProjectConfigurationPlatforms) = postSolution
		{C5E8C34F-A372-45C6-8F49-A6C7A0886DAA}.Debug|Any CPU.ActiveCfg = Debug|Any CPU
		{C5E8C34F-A372-45C6-8F49-A6C7A0886DAA}.Debug|Any CPU.Build.0 = Debug|Any CPU
		{C5E8C34F-A372-45C6-8F49-A6C7A0886DAA}.Debug|x86.ActiveCfg = Debug|Any CPU
		{C5E8C34F-A372-45C6-8F49-A6C7A0886DAA}.Debug|x86.Build.0 = Debug|Any CPU
		{C5E8C34F-A372-45C6-8F49-A6C7A0886DAA}.Release|Any CPU.ActiveCfg = Release|Any CPU
		{C5E8C34F-A372-45C6-8F49-A6C7A0886DAA}.Release|Any CPU.Build.0 = Release|Any CPU
		{C5E8C34F-A372-45C6-8F49-A6C7A0886DAA}.Release|x86.ActiveCfg = Release|Any CPU
		{C5E8C34F-A372-45C6-8F49-A6C7A0886DAA}.Release|x86.Build.0 = Release|Any CPU
		{52FB8931-B6E0-4644-9347-82260EB1CD05}.Debug|Any CPU.ActiveCfg = Debug|Any CPU
		{52FB8931-B6E0-4644-9347-82260EB1CD05}.Debug|Any CPU.Build.0 = Debug|Any CPU
		{52FB8931-B6E0-4644-9347-82260EB1CD05}.Debug|x86.ActiveCfg = Debug|Any CPU
		{52FB8931-B6E0-4644-9347-82260EB1CD05}.Debug|x86.Build.0 = Debug|Any CPU
		{52FB8931-B6E0-4644-9347-82260EB1CD05}.Release|Any CPU.ActiveCfg = Release|Any CPU
		{52FB8931-B6E0-4644-9347-82260EB1CD05}.Release|Any CPU.Build.0 = Release|Any CPU
		{52FB8931-B6E0-4644-9347-82260EB1CD05}.Release|x86.ActiveCfg = Release|Any CPU
		{52FB8931-B6E0-4644-9347-82260EB1CD05}.Release|x86.Build.0 = Release|Any CPU
	EndGlobalSection
	GlobalSection(SolutionProperties) = preSolution
		HideSolutionNode = FALSE
	EndGlobalSection
	GlobalSection(ExtensibilityGlobals) = postSolution
		SolutionGuid = {E3812AC5-EDF6-4419-BDF2-1D4DADA572A9}
	EndGlobalSection
EndGlobal
